
Microsoft Visual Studio Solution File, Format Version 12.00
# Visual Studio Version 17
VisualStudioVersion = 17.9.34728.123
MinimumVisualStudioVersion = 10.0.40219.1
Project("{9A19103F-16F7-4668-BE54-9A1E7A4F7556}") = "GamingClub.Server", "GamingClub\GamingClub.Server.csproj", "{DD356345-CB60-4FF3-B5C4-0B88909C6EDA}"
EndProject
Project("{9A19103F-16F7-4668-BE54-9A1E7A4F7556}") = "GamingClub.Domain", "GamingClub.Core\GamingClub.Domain.csproj", "{712226B4-A6E2-4FB3-9075-E7362B372D4D}"
EndProject
Project("{9A19103F-16F7-4668-BE54-9A1E7A4F7556}") = "GamingClub.Data", "GamingClub.DataAccess\GamingClub.Data.csproj", "{A8F96426-3845-4D5D-9D69-2EF3B14C6CEB}"
EndProject
Project("{9A19103F-16F7-4668-BE54-9A1E7A4F7556}") = "GamingClub.Application", "GamingClub.Application\GamingClub.Application.csproj", "{167E44AB-634E-4FB5-AB61-0ECB903BC919}"
EndProject
Project("{2150E333-8FDC-42A3-9474-1A3956D46DE8}") = "Infrastructure", "Infrastructure", "{02EA681E-C7D8-13C7-8484-4AC65E1B71E8}"
EndProject
Project("{2150E333-8FDC-42A3-9474-1A3956D46DE8}") = "Core", "Core", "{5A8E6AA7-0FC2-43B2-AE35-4A68A1B8D113}"
EndProject
Project("{2150E333-8FDC-42A3-9474-1A3956D46DE8}") = "Presentation", "Presentation", "{5B7BE359-7131-4A29-A883-AF4B486EBF1B}"
EndProject
Global
	GlobalSection(SolutionConfigurationPlatforms) = preSolution
		Debug|Any CPU = Debug|Any CPU
		Release|Any CPU = Release|Any CPU
	EndGlobalSection
	GlobalSection(ProjectConfigurationPlatforms) = postSolution
		{DD356345-CB60-4FF3-B5C4-0B88909C6EDA}.Debug|Any CPU.ActiveCfg = Debug|Any CPU
		{DD356345-CB60-4FF3-B5C4-0B88909C6EDA}.Debug|Any CPU.Build.0 = Debug|Any CPU
		{DD356345-CB60-4FF3-B5C4-0B88909C6EDA}.Release|Any CPU.ActiveCfg = Release|Any CPU
		{DD356345-CB60-4FF3-B5C4-0B88909C6EDA}.Release|Any CPU.Build.0 = Release|Any CPU
		{712226B4-A6E2-4FB3-9075-E7362B372D4D}.Debug|Any CPU.ActiveCfg = Debug|Any CPU
		{712226B4-A6E2-4FB3-9075-E7362B372D4D}.Debug|Any CPU.Build.0 = Debug|Any CPU
		{712226B4-A6E2-4FB3-9075-E7362B372D4D}.Release|Any CPU.ActiveCfg = Release|Any CPU
		{712226B4-A6E2-4FB3-9075-E7362B372D4D}.Release|Any CPU.Build.0 = Release|Any CPU
		{A8F96426-3845-4D5D-9D69-2EF3B14C6CEB}.Debug|Any CPU.ActiveCfg = Debug|Any CPU
		{A8F96426-3845-4D5D-9D69-2EF3B14C6CEB}.Debug|Any CPU.Build.0 = Debug|Any CPU
		{A8F96426-3845-4D5D-9D69-2EF3B14C6CEB}.Release|Any CPU.ActiveCfg = Release|Any CPU
		{A8F96426-3845-4D5D-9D69-2EF3B14C6CEB}.Release|Any CPU.Build.0 = Release|Any CPU
		{167E44AB-634E-4FB5-AB61-0ECB903BC919}.Debug|Any CPU.ActiveCfg = Debug|Any CPU
		{167E44AB-634E-4FB5-AB61-0ECB903BC919}.Debug|Any CPU.Build.0 = Debug|Any CPU
		{167E44AB-634E-4FB5-AB61-0ECB903BC919}.Release|Any CPU.ActiveCfg = Release|Any CPU
		{167E44AB-634E-4FB5-AB61-0ECB903BC919}.Release|Any CPU.Build.0 = Release|Any CPU
	EndGlobalSection
	GlobalSection(SolutionProperties) = preSolution
		HideSolutionNode = FALSE
	EndGlobalSection
	GlobalSection(NestedProjects) = preSolution
		{DD356345-CB60-4FF3-B5C4-0B88909C6EDA} = {5B7BE359-7131-4A29-A883-AF4B486EBF1B}
		{712226B4-A6E2-4FB3-9075-E7362B372D4D} = {5A8E6AA7-0FC2-43B2-AE35-4A68A1B8D113}
		{A8F96426-3845-4D5D-9D69-2EF3B14C6CEB} = {02EA681E-C7D8-13C7-8484-4AC65E1B71E8}
		{167E44AB-634E-4FB5-AB61-0ECB903BC919} = {5A8E6AA7-0FC2-43B2-AE35-4A68A1B8D113}
	EndGlobalSection
	GlobalSection(ExtensibilityGlobals) = postSolution
		SolutionGuid = {FC51ED0D-1365-4765-8253-1691FE534AE5}
	EndGlobalSection
EndGlobal
